
Microsoft Visual Studio Solution File, Format Version 12.00
# Visual Studio Version 17
VisualStudioVersion = 17.8.34525.116
MinimumVisualStudioVersion = 10.0.40219.1
Project("{9A19103F-16F7-4668-BE54-9A1E7A4F7556}") = "3-3", "3-2\3-3.csproj", "{EA2213F3-AB9A-4B70-8EFE-3266435681CD}"
EndProject
Global
	GlobalSection(SolutionConfigurationPlatforms) = preSolution
		Debug|Any CPU = Debug|Any CPU
		Release|Any CPU = Release|Any CPU
	EndGlobalSection
	GlobalSection(ProjectConfigurationPlatforms) = postSolution
		{EA2213F3-AB9A-4B70-8EFE-3266435681CD}.Debug|Any CPU.ActiveCfg = Debug|Any CPU
		{EA2213F3-AB9A-4B70-8EFE-3266435681CD}.Debug|Any CPU.Build.0 = Debug|Any CPU
		{EA2213F3-AB9A-4B70-8EFE-3266435681CD}.Release|Any CPU.ActiveCfg = Release|Any CPU
		{EA2213F3-AB9A-4B70-8EFE-3266435681CD}.Release|Any CPU.Build.0 = Release|Any CPU
	EndGlobalSection
	GlobalSection(SolutionProperties) = preSolution
		HideSolutionNode = FALSE
	EndGlobalSection
	GlobalSection(ExtensibilityGlobals) = postSolution
		SolutionGuid = {4186C5E0-48CC-48E4-95AE-C4093060FF10}
	EndGlobalSection
EndGlobal
